Microsoft Visual Studio Solution File, Format Version 12.00
# Visual Studio Version 17
VisualStudioVersion = 17.5.2.0
MinimumVisualStudioVersion = 10.0.40219.1
Project("{FAE04EC0-301F-11D3-BF4B-00C04F79EFBC}") = "GotaSix", "GotaSix.csproj", "{BB88A4A3-FE3F-F086-1380-3F4DF9ECD5F1}"
EndProject
Global
	GlobalSection(SolutionConfigurationPlatforms) = preSolution
		Debug|Any CPU = Debug|Any CPU
		Release|Any CPU = Release|Any CPU
	EndGlobalSection
	GlobalSection(ProjectConfigurationPlatforms) = postSolution
		{BB88A4A3-FE3F-F086-1380-3F4DF9ECD5F1}.Debug|Any CPU.ActiveCfg = Debug|Any CPU
		{BB88A4A3-FE3F-F086-1380-3F4DF9ECD5F1}.Debug|Any CPU.Build.0 = Debug|Any CPU
		{BB88A4A3-FE3F-F086-1380-3F4DF9ECD5F1}.Release|Any CPU.ActiveCfg = Release|Any CPU
		{BB88A4A3-FE3F-F086-1380-3F4DF9ECD5F1}.Release|Any CPU.Build.0 = Release|Any CPU
	EndGlobalSection
	GlobalSection(SolutionProperties) = preSolution
		HideSolutionNode = FALSE
	EndGlobalSection
	GlobalSection(ExtensibilityGlobals) = postSolution
		SolutionGuid = {46CE3825-8E52-4859-A733-814B1071F27B}
	EndGlobalSection
EndGlobal
